
Microsoft Visual Studio Solution File, Format Version 12.00
# Visual Studio Version 17
VisualStudioVersion = 17.5.001.0
MinimumVisualStudioVersion = 10.0.40219.1
Project("{9A19103F-16F7-4668-BE54-9A1E7A4F7556}") = "RpgApi", "RpgApi.csproj", "{0A6C40A2-A1C9-424E-8A11-B8924268064D}"
EndProject
Global
	GlobalSection(SolutionConfigurationPlatforms) = preSolution
		Debug|Any CPU = Debug|Any CPU
		Release|Any CPU = Release|Any CPU
	EndGlobalSection
	GlobalSection(ProjectConfigurationPlatforms) = postSolution
		{0A6C40A2-A1C9-424E-8A11-B8924268064D}.Debug|Any CPU.ActiveCfg = Debug|Any CPU
		{0A6C40A2-A1C9-424E-8A11-B8924268064D}.Debug|Any CPU.Build.0 = Debug|Any CPU
		{0A6C40A2-A1C9-424E-8A11-B8924268064D}.Release|Any CPU.ActiveCfg = Release|Any CPU
		{0A6C40A2-A1C9-424E-8A11-B8924268064D}.Release|Any CPU.Build.0 = Release|Any CPU
	EndGlobalSection
	GlobalSection(SolutionProperties) = preSolution
		HideSolutionNode = FALSE
	EndGlobalSection
	GlobalSection(ExtensibilityGlobals) = postSolution
		SolutionGuid = {636D8BBE-0766-4C69-877D-2CC43F8BBEEA}
	EndGlobalSection
EndGlobal
